
Microsoft Visual Studio Solution File, Format Version 12.00
# Visual Studio Version 17
VisualStudioVersion = 17.3.32929.385
MinimumVisualStudioVersion = 10.0.40219.1
Project("{FAE04EC0-301F-11D3-BF4B-00C04F79EFBC}") = "base64toRealm.UWP", "base64toRealm\base64toRealm.UWP\base64toRealm.UWP.csproj", "{97A7AEB1-4207-4EC1-89E9-D5E670CB5313}"
EndProject
Project("{FAE04EC0-301F-11D3-BF4B-00C04F79EFBC}") = "base64toRealm.Android", "base64toRealm\base64toRealm.Android\base64toRealm.Android.csproj", "{F4F5F701-09F0-4636-A329-5EDBB43ED074}"
EndProject
Project("{FAE04EC0-301F-11D3-BF4B-00C04F79EFBC}") = "base64toRealm.iOS", "base64toRealm\base64toRealm.iOS\base64toRealm.iOS.csproj", "{6B7351E3-342A-412E-81CA-DE12EEE775DE}"
EndProject
Project("{FAE04EC0-301F-11D3-BF4B-00C04F79EFBC}") = "base64toRealm", "base64toRealm\base64toRealm\base64toRealm.csproj", "{BBDF9B1F-DE65-46F6-AA13-E4B6C3836FDE}"
EndProject
Global
	GlobalSection(SolutionConfigurationPlatforms) = preSolution
		Debug|Any CPU = Debug|Any CPU
		Debug|ARM = Debug|ARM
		Debug|iPhone = Debug|iPhone
		Debug|iPhoneSimulator = Debug|iPhoneSimulator
		Debug|x64 = Debug|x64
		Debug|x86 = Debug|x86
		Release|Any CPU = Release|Any CPU
		Release|ARM = Release|ARM
		Release|iPhone = Release|iPhone
		Release|iPhoneSimulator = Release|iPhoneSimulator
		Release|x64 = Release|x64
		Release|x86 = Release|x86
	EndGlobalSection
	GlobalSection(ProjectConfigurationPlatforms) = postSolution
		{97A7AEB1-4207-4EC1-89E9-D5E670CB5313}.Debug|Any CPU.ActiveCfg = Debug|x64
		{97A7AEB1-4207-4EC1-89E9-D5E670CB5313}.Debug|Any CPU.Build.0 = Debug|x64
		{97A7AEB1-4207-4EC1-89E9-D5E670CB5313}.Debug|Any CPU.Deploy.0 = Debug|x64
		{97A7AEB1-4207-4EC1-89E9-D5E670CB5313}.Debug|ARM.ActiveCfg = Debug|ARM
		{97A7AEB1-4207-4EC1-89E9-D5E670CB5313}.Debug|ARM.Build.0 = Debug|ARM
		{97A7AEB1-4207-4EC1-89E9-D5E670CB5313}.Debug|ARM.Deploy.0 = Debug|ARM
		{97A7AEB1-4207-4EC1-89E9-D5E670CB5313}.Debug|iPhone.ActiveCfg = Debug|x64
		{97A7AEB1-4207-4EC1-89E9-D5E670CB5313}.Debug|iPhone.Build.0 = Debug|x64
		{97A7AEB1-4207-4EC1-89E9-D5E670CB5313}.Debug|iPhone.Deploy.0 = Debug|x64
		{97A7AEB1-4207-4EC1-89E9-D5E670CB5313}.Debug|iPhoneSimulator.ActiveCfg = Debug|x64
		{97A7AEB1-4207-4EC1-89E9-D5E670CB5313}.Debug|iPhoneSimulator.Build.0 = Debug|x64
		{97A7AEB1-4207-4EC1-89E9-D5E670CB5313}.Debug|iPhoneSimulator.Deploy.0 = Debug|x64
		{97A7AEB1-4207-4EC1-89E9-D5E670CB5313}.Debug|x64.ActiveCfg = Debug|x64
		{97A7AEB1-4207-4EC1-89E9-D5E670CB5313}.Debug|x64.Build.0 = Debug|x64
		{97A7AEB1-4207-4EC1-89E9-D5E670CB5313}.Debug|x64.Deploy.0 = Debug|x64
		{97A7AEB1-4207-4EC1-89E9-D5E670CB5313}.Debug|x86.ActiveCfg = Debug|x86
		{97A7AEB1-4207-4EC1-89E9-D5E670CB5313}.Debug|x86.Build.0 = Debug|x86
		{97A7AEB1-4207-4EC1-89E9-D5E670CB5313}.Debug|x86.Deploy.0 = Debug|x86
		{97A7AEB1-4207-4EC1-89E9-D5E670CB5313}.Release|Any CPU.ActiveCfg = Release|x64
		{97A7AEB1-4207-4EC1-89E9-D5E670CB5313}.Release|Any CPU.Build.0 = Release|x64
		{97A7AEB1-4207-4EC1-89E9-D5E670CB5313}.Release|Any CPU.Deploy.0 = Release|x64
		{97A7AEB1-4207-4EC1-89E9-D5E670CB5313}.Release|ARM.ActiveCfg = Release|ARM
		{97A7AEB1-4207-4EC1-89E9-D5E670CB5313}.Release|ARM.Build.0 = Release|ARM
		{97A7AEB1-4207-4EC1-89E9-D5E670CB5313}.Release|ARM.Deploy.0 = Release|ARM
		{97A7AEB1-4207-4EC1-89E9-D5E670CB5313}.Release|iPhone.ActiveCfg = Release|x64
		{97A7AEB1-4207-4EC1-89E9-D5E670CB5313}.Release|iPhone.Build.0 = Release|x64
		{97A7AEB1-4207-4EC1-89E9-D5E670CB5313}.Release|iPhone.Deploy.0 = Release|x64
		{97A7AEB1-4207-4EC1-89E9-D5E670CB5313}.Release|iPhoneSimulator.ActiveCfg = Release|x64
		{97A7AEB1-4207-4EC1-89E9-D5E670CB5313}.Release|iPhoneSimulator.Build.0 = Release|x64
		{97A7AEB1-4207-4EC1-89E9-D5E670CB5313}.Release|iPhoneSimulator.Deploy.0 = Release|x64
		{97A7AEB1-4207-4EC1-89E9-D5E670CB5313}.Release|x64.ActiveCfg = Release|x64
		{97A7AEB1-4207-4EC1-89E9-D5E670CB5313}.Release|x64.Build.0 = Release|x64
		{97A7AEB1-4207-4EC1-89E9-D5E670CB5313}.Release|x64.Deploy.0 = Release|x64
		{97A7AEB1-4207-4EC1-89E9-D5E670CB5313}.Release|x86.ActiveCfg = Release|x86
		{97A7AEB1-4207-4EC1-89E9-D5E670CB5313}.Release|x86.Build.0 = Release|x86
		{97A7AEB1-4207-4EC1-89E9-D5E670CB5313}.Release|x86.Deploy.0 = Release|x86
		{F4F5F701-09F0-4636-A329-5EDBB43ED074}.Debug|Any CPU.ActiveCfg = Debug|Any CPU
		{F4F5F701-09F0-4636-A329-5EDBB43ED074}.Debug|Any CPU.Build.0 = Debug|Any CPU
		{F4F5F701-09F0-4636-A329-5EDBB43ED074}.Debug|Any CPU.Deploy.0 = Debug|Any CPU
		{F4F5F701-09F0-4636-A329-5EDBB43ED074}.Debug|ARM.ActiveCfg = Debug|Any CPU
		{F4F5F701-09F0-4636-A329-5EDBB43ED074}.Debug|ARM.Build.0 = Debug|Any CPU
		{F4F5F701-09F0-4636-A329-5EDBB43ED074}.Debug|ARM.Deploy.0 = Debug|Any CPU
		{F4F5F701-09F0-4636-A329-5EDBB43ED074}.Debug|iPhone.ActiveCfg = Debug|Any CPU
		{F4F5F701-09F0-4636-A329-5EDBB43ED074}.Debug|iPhone.Build.0 = Debug|Any CPU
		{F4F5F701-09F0-4636-A329-5EDBB43ED074}.Debug|iPhone.Deploy.0 = Debug|Any CPU
		{F4F5F701-09F0-4636-A329-5EDBB43ED074}.Debug|iPhoneSimulator.ActiveCfg = Debug|Any CPU
		{F4F5F701-09F0-4636-A329-5EDBB43ED074}.Debug|iPhoneSimulator.Build.0 = Debug|Any CPU
		{F4F5F701-09F0-4636-A329-5EDBB43ED074}.Debug|iPhoneSimulator.Deploy.0 = Debug|Any CPU
		{F4F5F701-09F0-4636-A329-5EDBB43ED074}.Debug|x64.ActiveCfg = Debug|Any CPU
		{F4F5F701-09F0-4636-A329-5EDBB43ED074}.Debug|x64.Build.0 = Debug|Any CPU
		{F4F5F701-09F0-4636-A329-5EDBB43ED074}.Debug|x64.Deploy.0 = Debug|Any CPU
		{F4F5F701-09F0-4636-A329-5EDBB43ED074}.Debug|x86.ActiveCfg = Debug|Any CPU
		{F4F5F701-09F0-4636-A329-5EDBB43ED074}.Debug|x86.Build.0 = Debug|Any CPU
		{F4F5F701-09F0-4636-A329-5EDBB43ED074}.Debug|x86.Deploy.0 = Debug|Any CPU
		{F4F5F701-09F0-4636-A329-5EDBB43ED074}.Release|Any CPU.ActiveCfg = Release|Any CPU
		{F4F5F701-09F0-4636-A329-5EDBB43ED074}.Release|Any CPU.Build.0 = Release|Any CPU
		{F4F5F701-09F0-4636-A329-5EDBB43ED074}.Release|Any CPU.Deploy.0 = Release|Any CPU
		{F4F5F701-09F0-4636-A329-5EDBB43ED074}.Release|ARM.ActiveCfg = Release|Any CPU
		{F4F5F701-09F0-4636-A329-5EDBB43ED074}.Release|ARM.Build.0 = Release|Any CPU
		{F4F5F701-09F0-4636-A329-5EDBB43ED074}.Release|ARM.Deploy.0 = Release|Any CPU
		{F4F5F701-09F0-4636-A329-5EDBB43ED074}.Release|iPhone.ActiveCfg = Release|Any CPU
		{F4F5F701-09F0-4636-A329-5EDBB43ED074}.Release|iPhone.Build.0 = Release|Any CPU
		{F4F5F701-09F0-4636-A329-5EDBB43ED074}.Release|iPhone.Deploy.0 = Release|Any CPU
		{F4F5F701-09F0-4636-A329-5EDBB43ED074}.Release|iPhoneSimulator.ActiveCfg = Release|Any CPU
		{F4F5F701-09F0-4636-A329-5EDBB43ED074}.Release|iPhoneSimulator.Build.0 = Release|Any CPU
		{F4F5F701-09F0-4636-A329-5EDBB43ED074}.Release|iPhoneSimulator.Deploy.0 = Release|Any CPU
		{F4F5F701-09F0-4636-A329-5EDBB43ED074}.Release|x64.ActiveCfg = Release|Any CPU
		{F4F5F701-09F0-4636-A329-5EDBB43ED074}.Release|x64.Build.0 = Release|Any CPU
		{F4F5F701-09F0-4636-A329-5EDBB43ED074}.Release|x64.Deploy.0 = Release|Any CPU
		{F4F5F701-09F0-4636-A329-5EDBB43ED074}.Release|x86.ActiveCfg = Release|Any CPU
		{F4F5F701-09F0-4636-A329-5EDBB43ED074}.Release|x86.Build.0 = Release|Any CPU
		{F4F5F701-09F0-4636-A329-5EDBB43ED074}.Release|x86.Deploy.0 = Release|Any CPU
		{6B7351E3-342A-412E-81CA-DE12EEE775DE}.Debug|Any CPU.ActiveCfg = Debug|iPhoneSimulator
		{6B7351E3-342A-412E-81CA-DE12EEE775DE}.Debug|Any CPU.Build.0 = Debug|iPhoneSimulator
		{6B7351E3-342A-412E-81CA-DE12EEE775DE}.Debug|Any CPU.Deploy.0 = Debug|iPhoneSimulator
		{6B7351E3-342A-412E-81CA-DE12EEE775DE}.Debug|ARM.ActiveCfg = Debug|iPhoneSimulator
		{6B7351E3-342A-412E-81CA-DE12EEE775DE}.Debug|ARM.Build.0 = Debug|iPhoneSimulator
		{6B7351E3-342A-412E-81CA-DE12EEE775DE}.Debug|ARM.Deploy.0 = Debug|iPhoneSimulator
		{6B7351E3-342A-412E-81CA-DE12EEE775DE}.Debug|iPhone.ActiveCfg = Debug|iPhone
		{6B7351E3-342A-412E-81CA-DE12EEE775DE}.Debug|iPhone.Build.0 = Debug|iPhone
		{6B7351E3-342A-412E-81CA-DE12EEE775DE}.Debug|iPhone.Deploy.0 = Debug|iPhone
		{6B7351E3-342A-412E-81CA-DE12EEE775DE}.Debug|iPhoneSimulator.ActiveCfg = Debug|iPhoneSimulator
		{6B7351E3-342A-412E-81CA-DE12EEE775DE}.Debug|iPhoneSimulator.Build.0 = Debug|iPhoneSimulator
		{6B7351E3-342A-412E-81CA-DE12EEE775DE}.Debug|iPhoneSimulator.Deploy.0 = Debug|iPhoneSimulator
		{6B7351E3-342A-412E-81CA-DE12EEE775DE}.Debug|x64.ActiveCfg = Debug|iPhone
		{6B7351E3-342A-412E-81CA-DE12EEE775DE}.Debug|x64.Build.0 = Debug|iPhone
		{6B7351E3-342A-412E-81CA-DE12EEE775DE}.Debug|x64.Deploy.0 = Debug|iPhone
		{6B7351E3-342A-412E-81CA-DE12EEE775DE}.Debug|x86.ActiveCfg = Debug|iPhoneSimulator
		{6B7351E3-342A-412E-81CA-DE12EEE775DE}.Debug|x86.Build.0 = Debug|iPhoneSimulator
		{6B7351E3-342A-412E-81CA-DE12EEE775DE}.Debug|x86.Deploy.0 = Debug|iPhoneSimulator
		{6B7351E3-342A-412E-81CA-DE12EEE775DE}.Release|Any CPU.ActiveCfg = Release|iPhoneSimulator
		{6B7351E3-342A-412E-81CA-DE12EEE775DE}.Release|Any CPU.Build.0 = Release|iPhoneSimulator
		{6B7351E3-342A-412E-81CA-DE12EEE775DE}.Release|Any CPU.Deploy.0 = Release|iPhoneSimulator
		{6B7351E3-342A-412E-81CA-DE12EEE775DE}.Release|ARM.ActiveCfg = Release|iPhoneSimulator
		{6B7351E3-342A-412E-81CA-DE12EEE775DE}.Release|ARM.Build.0 = Release|iPhoneSimulator
		{6B7351E3-342A-412E-81CA-DE12EEE775DE}.Release|ARM.Deploy.0 = Release|iPhoneSimulator
		{6B7351E3-342A-412E-81CA-DE12EEE775DE}.Release|iPhone.ActiveCfg = Release|iPhone
		{6B7351E3-342A-412E-81CA-DE12EEE775DE}.Release|iPhone.Build.0 = Release|iPhone
		{6B7351E3-342A-412E-81CA-DE12EEE775DE}.Release|iPhone.Deploy.0 = Release|iPhone
		{6B7351E3-342A-412E-81CA-DE12EEE775DE}.Release|iPhoneSimulator.ActiveCfg = Release|iPhoneSimulator
		{6B7351E3-342A-412E-81CA-DE12EEE775DE}.Release|iPhoneSimulator.Build.0 = Release|iPhoneSimulator
		{6B7351E3-342A-412E-81CA-DE12EEE775DE}.Release|iPhoneSimulator.Deploy.0 = Release|iPhoneSimulator
		{6B7351E3-342A-412E-81CA-DE12EEE775DE}.Release|x64.ActiveCfg = Release|iPhoneSimulator
		{6B7351E3-342A-412E-81CA-DE12EEE775DE}.Release|x64.Build.0 = Release|iPhoneSimulator
		{6B7351E3-342A-412E-81CA-DE12EEE775DE}.Release|x64.Deploy.0 = Release|iPhoneSimulator
		{6B7351E3-342A-412E-81CA-DE12EEE775DE}.Release|x86.ActiveCfg = Release|iPhoneSimulator
		{6B7351E3-342A-412E-81CA-DE12EEE775DE}.Release|x86.Build.0 = Release|iPhoneSimulator
		{6B7351E3-342A-412E-81CA-DE12EEE775DE}.Release|x86.Deploy.0 = Release|iPhoneSimulator
		{BBDF9B1F-DE65-46F6-AA13-E4B6C3836FDE}.Debug|Any CPU.ActiveCfg = Debug|Any CPU
		{BBDF9B1F-DE65-46F6-AA13-E4B6C3836FDE}.Debug|Any CPU.Build.0 = Debug|Any CPU
		{BBDF9B1F-DE65-46F6-AA13-E4B6C3836FDE}.Debug|Any CPU.Deploy.0 = Debug|Any CPU
		{BBDF9B1F-DE65-46F6-AA13-E4B6C3836FDE}.Debug|ARM.ActiveCfg = Debug|Any CPU
		{BBDF9B1F-DE65-46F6-AA13-E4B6C3836FDE}.Debug|ARM.Build.0 = Debug|Any CPU
		{BBDF9B1F-DE65-46F6-AA13-E4B6C3836FDE}.Debug|ARM.Deploy.0 = Debug|Any CPU
		{BBDF9B1F-DE65-46F6-AA13-E4B6C3836FDE}.Debug|iPhone.ActiveCfg = Debug|Any CPU
		{BBDF9B1F-DE65-46F6-AA13-E4B6C3836FDE}.Debug|iPhone.Build.0 = Debug|Any CPU
		{BBDF9B1F-DE65-46F6-AA13-E4B6C3836FDE}.Debug|iPhone.Deploy.0 = Debug|Any CPU
		{BBDF9B1F-DE65-46F6-AA13-E4B6C3836FDE}.Debug|iPhoneSimulator.ActiveCfg = Debug|Any CPU
		{BBDF9B1F-DE65-46F6-AA13-E4B6C3836FDE}.Debug|iPhoneSimulator.Build.0 = Debug|Any CPU
		{BBDF9B1F-DE65-46F6-AA13-E4B6C3836FDE}.Debug|iPhoneSimulator.Deploy.0 = Debug|Any CPU
		{BBDF9B1F-DE65-46F6-AA13-E4B6C3836FDE}.Debug|x64.ActiveCfg = Debug|Any CPU
		{BBDF9B1F-DE65-46F6-AA13-E4B6C3836FDE}.Debug|x64.Build.0 = Debug|Any CPU
		{BBDF9B1F-DE65-46F6-AA13-E4B6C3836FDE}.Debug|x64.Deploy.0 = Debug|Any CPU
		{BBDF9B1F-DE65-46F6-AA13-E4B6C3836FDE}.Debug|x86.ActiveCfg = Debug|Any CPU
		{BBDF9B1F-DE65-46F6-AA13-E4B6C3836FDE}.Debug|x86.Build.0 = Debug|Any CPU
		{BBDF9B1F-DE65-46F6-AA13-E4B6C3836FDE}.Debug|x86.Deploy.0 = Debug|Any CPU
		{BBDF9B1F-DE65-46F6-AA13-E4B6C3836FDE}.Release|Any CPU.ActiveCfg = Release|Any CPU
		{BBDF9B1F-DE65-46F6-AA13-E4B6C3836FDE}.Release|Any CPU.Build.0 = Release|Any CPU
		{BBDF9B1F-DE65-46F6-AA13-E4B6C3836FDE}.Release|Any CPU.Deploy.0 = Release|Any CPU
		{BBDF9B1F-DE65-46F6-AA13-E4B6C3836FDE}.Release|ARM.ActiveCfg = Release|Any CPU
		{BBDF9B1F-DE65-46F6-AA13-E4B6C3836FDE}.Release|ARM.Build.0 = Release|Any CPU
		{BBDF9B1F-DE65-46F6-AA13-E4B6C3836FDE}.Release|ARM.Deploy.0 = Release|Any CPU
		{BBDF9B1F-DE65-46F6-AA13-E4B6C3836FDE}.Release|iPhone.ActiveCfg = Release|Any CPU
		{BBDF9B1F-DE65-46F6-AA13-E4B6C3836FDE}.Release|iPhone.Build.0 = Release|Any CPU
		{BBDF9B1F-DE65-46F6-AA13-E4B6C3836FDE}.Release|iPhone.Deploy.0 = Release|Any CPU
		{BBDF9B1F-DE65-46F6-AA13-E4B6C3836FDE}.Release|iPhoneSimulator.ActiveCfg = Release|Any CPU
		{BBDF9B1F-DE65-46F6-AA13-E4B6C3836FDE}.Release|iPhoneSimulator.Build.0 = Release|Any CPU
		{BBDF9B1F-DE65-46F6-AA13-E4B6C3836FDE}.Release|iPhoneSimulator.Deploy.0 = Release|Any CPU
		{BBDF9B1F-DE65-46F6-AA13-E4B6C3836FDE}.Release|x64.ActiveCfg = Release|Any CPU
		{BBDF9B1F-DE65-46F6-AA13-E4B6C3836FDE}.Release|x64.Build.0 = Release|Any CPU
		{BBDF9B1F-DE65-46F6-AA13-E4B6C3836FDE}.Release|x64.Deploy.0 = Release|Any CPU
		{BBDF9B1F-DE65-46F6-AA13-E4B6C3836FDE}.Release|x86.ActiveCfg = Release|Any CPU
		{BBDF9B1F-DE65-46F6-AA13-E4B6C3836FDE}.Release|x86.Build.0 = Release|Any CPU
		{BBDF9B1F-DE65-46F6-AA13-E4B6C3836FDE}.Release|x86.Deploy.0 = Release|Any CPU
	EndGlobalSection
	GlobalSection(SolutionProperties) = preSolution
		HideSolutionNode = FALSE
	EndGlobalSection
	GlobalSection(ExtensibilityGlobals) = postSolution
		SolutionGuid = {B428958F-6029-4539-8138-D7C5973971FA}
	EndGlobalSection
EndGlobal
